PODS:
  - SSZipArchive (2.0.3)
  - SwiftyJSON (3.1.4)
  - Willow (3.0.0)

DEPENDENCIES:
  - SSZipArchive
  - SwiftyJSON
  - Willow

SPEC CHECKSUMS:
  SSZipArchive: b6648b70a36303ca5be9f0351174b347e1886236
  SwiftyJSON: c2842d878f95482ffceec5709abc3d05680c0220
  Willow: b75bf19a5f2056ed40aa0e2c1fd255c70eb450da

PODFILE CHECKSUM: 6af296c8b2123a5e23805da2f8761bc4099489e6

COCOAPODS: 1.3.1
